
Microsoft Visual Studio Solution File, Format Version 12.00
# Visual Studio 15
VisualStudioVersion = 15.0.27703.2000
MinimumVisualStudioVersion = 10.0.40219.1
Project("{888888A0-9F3D-457C-B088-3A5042F75D52}") = "TelemetrySystem", "TelemetrySystem\TelemetrySystem.pyproj", "{A33AFE41-2C6A-4040-BADB-2C78E1DF4EC6}"
EndProject
Global
	GlobalSection(SolutionConfigurationPlatforms) = preSolution
		Debug|Any CPU = Debug|Any CPU
		Release|Any CPU = Release|Any CPU
	EndGlobalSection
	GlobalSection(ProjectConfigurationPlatforms) = postSolution
		{A33AFE41-2C6A-4040-BADB-2C78E1DF4EC6}.Debug|Any CPU.ActiveCfg = Debug|Any CPU
		{A33AFE41-2C6A-4040-BADB-2C78E1DF4EC6}.Release|Any CPU.ActiveCfg = Release|Any CPU
	EndGlobalSection
	GlobalSection(SolutionProperties) = preSolution
		HideSolutionNode = FALSE
	EndGlobalSection
	GlobalSection(ExtensibilityGlobals) = postSolution
		SolutionGuid = {10BCE191-82B4-4ACA-A967-CBA1A90FF664}
	EndGlobalSection
EndGlobal
